
Microsoft Visual Studio Solution File, Format Version 12.00
# Visual Studio Version 17
VisualStudioVersion = 17.4.33403.182
MinimumVisualStudioVersion = 10.0.40219.1
Project("{FAE04EC0-301F-11D3-BF4B-00C04F79EFBC}") = "BankApp", "BankApp\BankApp.csproj", "{B41319CA-9579-4B2E-8B3F-A5CD7FD691A1}"
EndProject
Global
	GlobalSection(SolutionConfigurationPlatforms) = preSolution
		Debug|Any CPU = Debug|Any CPU
		Release|Any CPU = Release|Any CPU
	EndGlobalSection
	GlobalSection(ProjectConfigurationPlatforms) = postSolution
		{B41319CA-9579-4B2E-8B3F-A5CD7FD691A1}.Debug|Any CPU.ActiveCfg = Debug|Any CPU
		{B41319CA-9579-4B2E-8B3F-A5CD7FD691A1}.Debug|Any CPU.Build.0 = Debug|Any CPU
		{B41319CA-9579-4B2E-8B3F-A5CD7FD691A1}.Release|Any CPU.ActiveCfg = Release|Any CPU
		{B41319CA-9579-4B2E-8B3F-A5CD7FD691A1}.Release|Any CPU.Build.0 = Release|Any CPU
	EndGlobalSection
	GlobalSection(SolutionProperties) = preSolution
		HideSolutionNode = FALSE
	EndGlobalSection
	GlobalSection(ExtensibilityGlobals) = postSolution
		SolutionGuid = {97530967-A2CB-476A-895D-AC6FFBB10737}
	EndGlobalSection
EndGlobal
